
Microsoft Visual Studio Solution File, Format Version 12.00
# Visual Studio Version 16
VisualStudioVersion = 16.0.30002.166
MinimumVisualStudioVersion = 10.0.40219.1
Project("{FAE04EC0-301F-11D3-BF4B-00C04F79EFBC}") = "PiggyBankProject", "PiggyBankProject.csproj", "{AB9C1306-C166-4164-A830-1A56FFDB44AF}"
EndProject
Global
	GlobalSection(SolutionConfigurationPlatforms) = preSolution
		Debug|Any CPU = Debug|Any CPU
		Release|Any CPU = Release|Any CPU
	EndGlobalSection
	GlobalSection(ProjectConfigurationPlatforms) = postSolution
		{AB9C1306-C166-4164-A830-1A56FFDB44AF}.Debug|Any CPU.ActiveCfg = Debug|Any CPU
		{AB9C1306-C166-4164-A830-1A56FFDB44AF}.Debug|Any CPU.Build.0 = Debug|Any CPU
		{AB9C1306-C166-4164-A830-1A56FFDB44AF}.Release|Any CPU.ActiveCfg = Release|Any CPU
		{AB9C1306-C166-4164-A830-1A56FFDB44AF}.Release|Any CPU.Build.0 = Release|Any CPU
	EndGlobalSection
	GlobalSection(SolutionProperties) = preSolution
		HideSolutionNode = FALSE
	EndGlobalSection
	GlobalSection(ExtensibilityGlobals) = postSolution
		SolutionGuid = {F7C66975-C9F4-4502-8A1A-E05F2F755DCB}
	EndGlobalSection
EndGlobal
